// !$*UTF8*$!
{
	archiveVersion = 1;
	classes = {
	};
	objectVersion = 46;
	objects = {

/* Begin PBXBuildFile section */
		DC698594C0EC7CB4865300E8 /* Pods_TelescopeTests.framework in Frameworks */ = {isa = PBXBuildFile; fileRef = E24BA842EE6205731AD7A4F0 /* Pods_TelescopeTests.framework */; };
		E20A302ED12A0BC12F7390EE /* Pods_Telescope.framework in Frameworks */ = {isa = PBXBuildFile; fileRef = 88DAE478674B38683F076C32 /* Pods_Telescope.framework */; };
		FC32231F1F5D749F00113193 /* TelescopeRecord.swift in Sources */ = {isa = PBXBuildFile; fileRef = FC32231E1F5D749F00113193 /* TelescopeRecord.swift */; };
		FC3223211F5D7CEF00113193 /* TelescopeRecord.swift in Sources */ = {isa = PBXBuildFile; fileRef = FC32231E1F5D749F00113193 /* TelescopeRecord.swift */; };
		FC3223231F5D80F500113193 /* MockedRecords.json in Resources */ = {isa = PBXBuildFile; fileRef = FC3223221F5D80F500113193 /* MockedRecords.json */; };
		FC3223251F5D967E00113193 /* Gallery.swift in Sources */ = {isa = PBXBuildFile; fileRef = FC3223241F5D967E00113193 /* Gallery.swift */; };
		FC3223271F5DA26D00113193 /* Lense.swift in Sources */ = {isa = PBXBuildFile; fileRef = FC3223261F5DA26D00113193 /* Lense.swift */; };
		FC3223291F5DB5B300113193 /* GalleryItem.swift in Sources */ = {isa = PBXBuildFile; fileRef = FC3223281F5DB5B300113193 /* GalleryItem.swift */; };
		FC32232B1F5DBCE800113193 /* TransitionText.swift in Sources */ = {isa = PBXBuildFile; fileRef = FC32232A1F5DBCE800113193 /* TransitionText.swift */; };
		FCAE2A1A1F5D68190036211B /* AppDelegate.swift in Sources */ = {isa = PBXBuildFile; fileRef = FCAE2A191F5D68190036211B /* AppDelegate.swift */; };
		FCAE2A211F5D68190036211B /* Assets.xcassets in Resources */ = {isa = PBXBuildFile; fileRef = FCAE2A201F5D68190036211B /* Assets.xcassets */; };
		FCAE2A241F5D68190036211B /* LaunchScreen.storyboard in Resources */ = {isa = PBXBuildFile; fileRef = FCAE2A221F5D68190036211B /* LaunchScreen.storyboard */; };
		FCAE2A3A1F5D6B450036211B /* RecordTests.swift in Sources */ = {isa = PBXBuildFile; fileRef = FCAE2A391F5D6B450036211B /* RecordTests.swift */; };
/* End PBXBuildFile section */

/* Begin PBXContainerItemProxy section */
		FCAE2A2B1F5D68190036211B /* PBXContainerItemProxy */ = {
			isa = PBXContainerItemProxy;
			containerPortal = FCAE2A0E1F5D68180036211B /* Project object */;
			proxyType = 1;
			remoteGlobalIDString = FCAE2A151F5D68180036211B;
			remoteInfo = Telescope;
		};
/* End PBXContainerItemProxy section */

/* Begin PBXFileReference section */
		23F4AE8DE2ABF9DC2496F55D /* Pods-Telescope.release.xcconfig */ = {isa = PBXFileReference; includeInIndex = 1; lastKnownFileType = text.xcconfig; name = "Pods-Telescope.release.xcconfig"; path = "Pods/Target Support Files/Pods-Telescope/Pods-Telescope.release.xcconfig"; sourceTree = "<group>"; };
		88DAE478674B38683F076C32 /* Pods_Telescope.framework */ = {isa = PBXFileReference; explicitFileType = wrapper.framework; includeInIndex = 0; path = Pods_Telescope.framework; sourceTree = BUILT_PRODUCTS_DIR; };
		9763763FC9860CD075ED35D6 /* Pods-Telescope.debug.xcconfig */ = {isa = PBXFileReference; includeInIndex = 1; lastKnownFileType = text.xcconfig; name = "Pods-Telescope.debug.xcconfig"; path = "Pods/Target Support Files/Pods-Telescope/Pods-Telescope.debug.xcconfig"; sourceTree = "<group>"; };
		C73567D753465C4C015197FB /* Pods-TelescopeTests.release.xcconfig */ = {isa = PBXFileReference; includeInIndex = 1; lastKnownFileType = text.xcconfig; name = "Pods-TelescopeTests.release.xcconfig"; path = "Pods/Target Support Files/Pods-TelescopeTests/Pods-TelescopeTests.release.xcconfig"; sourceTree = "<group>"; };
		E24BA842EE6205731AD7A4F0 /* Pods_TelescopeTests.framework */ = {isa = PBXFileReference; explicitFileType = wrapper.framework; includeInIndex = 0; path = Pods_TelescopeTests.framework; sourceTree = BUILT_PRODUCTS_DIR; };
		FA407CFBBA559639BABB9FB2 /* Pods-TelescopeTests.debug.xcconfig */ = {isa = PBXFileReference; includeInIndex = 1; lastKnownFileType = text.xcconfig; name = "Pods-TelescopeTests.debug.xcconfig"; path = "Pods/Target Support Files/Pods-TelescopeTests/Pods-TelescopeTests.debug.xcconfig"; sourceTree = "<group>"; };
		FC32231E1F5D749F00113193 /* TelescopeRecord.swift */ = {isa = PBXFileReference; lastKnownFileType = sourcecode.swift; path = TelescopeRecord.swift; sourceTree = "<group>"; };
		FC3223221F5D80F500113193 /* MockedRecords.json */ = {isa = PBXFileReference; lastKnownFileType = text.json; path = MockedRecords.json; sourceTree = "<group>"; xcLanguageSpecificationIdentifier = xcode.lang.javascript; };
		FC3223241F5D967E00113193 /* Gallery.swift */ = {isa = PBXFileReference; lastKnownFileType = sourcecode.swift; path = Gallery.swift; sourceTree = "<group>"; };
		FC3223261F5DA26D00113193 /* Lense.swift */ = {isa = PBXFileReference; lastKnownFileType = sourcecode.swift; path = Lense.swift; sourceTree = "<group>"; };
		FC3223281F5DB5B300113193 /* GalleryItem.swift */ = {isa = PBXFileReference; lastKnownFileType = sourcecode.swift; path = GalleryItem.swift; sourceTree = "<group>"; };
		FC32232A1F5DBCE800113193 /* TransitionText.swift */ = {isa = PBXFileReference; lastKnownFileType = sourcecode.swift; path = TransitionText.swift; sourceTree = "<group>"; };
		FCAE2A161F5D68190036211B /* Telescope.app */ = {isa = PBXFileReference; explicitFileType = wrapper.application; includeInIndex = 0; path = Telescope.app; sourceTree = BUILT_PRODUCTS_DIR; };
		FCAE2A191F5D68190036211B /* AppDelegate.swift */ = {isa = PBXFileReference; lastKnownFileType = sourcecode.swift; path = AppDelegate.swift; sourceTree = "<group>"; };
		FCAE2A201F5D68190036211B /* Assets.xcassets */ = {isa = PBXFileReference; lastKnownFileType = folder.assetcatalog; path = Assets.xcassets; sourceTree = "<group>"; };
		FCAE2A231F5D68190036211B /* Base */ = {isa = PBXFileReference; lastKnownFileType = file.storyboard; name = Base; path = Base.lproj/LaunchScreen.storyboard; sourceTree = "<group>"; };
		FCAE2A251F5D68190036211B /* Info.plist */ = {isa = PBXFileReference; lastKnownFileType = text.plist.xml; path = Info.plist; sourceTree = "<group>"; };
		FCAE2A2A1F5D68190036211B /* TelescopeTests.xctest */ = {isa = PBXFileReference; explicitFileType = wrapper.cfbundle; includeInIndex = 0; path = TelescopeTests.xctest; sourceTree = BUILT_PRODUCTS_DIR; };
		FCAE2A301F5D68190036211B /* Info.plist */ = {isa = PBXFileReference; lastKnownFileType = text.plist.xml; path = Info.plist; sourceTree = "<group>"; };
		FCAE2A391F5D6B450036211B /* RecordTests.swift */ = {isa = PBXFileReference; fileEncoding = 4; lastKnownFileType = sourcecode.swift; path = RecordTests.swift; sourceTree = "<group>"; };
/* End PBXFileReference section */

/* Begin PBXFrameworksBuildPhase section */
		FCAE2A131F5D68180036211B /* Frameworks */ = {
			isa = PBXFrameworksBuildPhase;
			buildActionMask = 2147483647;
			files = (
				E20A302ED12A0BC12F7390EE /* Pods_Telescope.framework in Frameworks */,
			);
			runOnlyForDeploymentPostprocessing = 0;
		};
		FCAE2A271F5D68190036211B /* Frameworks */ = {
			isa = PBXFrameworksBuildPhase;
			buildActionMask = 2147483647;
			files = (
				DC698594C0EC7CB4865300E8 /* Pods_TelescopeTests.framework in Frameworks */,
			);
			runOnlyForDeploymentPostprocessing = 0;
		};
/* End PBXFrameworksBuildPhase section */

/* Begin PBXGroup section */
		2A10DA1727989DF4E837BD9F /* Frameworks */ = {
			isa = PBXGroup;
			children = (
				88DAE478674B38683F076C32 /* Pods_Telescope.framework */,
				E24BA842EE6205731AD7A4F0 /* Pods_TelescopeTests.framework */,
			);
			name = Frameworks;
			sourceTree = "<group>";
		};
		9244D9E670E1DCBC9AD204FC /* Pods */ = {
			isa = PBXGroup;
			children = (
				9763763FC9860CD075ED35D6 /* Pods-Telescope.debug.xcconfig */,
				23F4AE8DE2ABF9DC2496F55D /* Pods-Telescope.release.xcconfig */,
				FA407CFBBA559639BABB9FB2 /* Pods-TelescopeTests.debug.xcconfig */,
				C73567D753465C4C015197FB /* Pods-TelescopeTests.release.xcconfig */,
			);
			name = Pods;
			sourceTree = "<group>";
		};
		FC32231D1F5D748F00113193 /* Models */ = {
			isa = PBXGroup;
			children = (
				FC32231E1F5D749F00113193 /* TelescopeRecord.swift */,
			);
			path = Models;
			sourceTree = "<group>";
		};
		FC32232C1F5DC5EF00113193 /* Extensions */ = {
			isa = PBXGroup;
			children = (
				FC32232A1F5DBCE800113193 /* TransitionText.swift */,
			);
			path = Extensions;
			sourceTree = "<group>";
		};
		FC32232E1F5DD1A000113193 /* Controllers */ = {
			isa = PBXGroup;
			children = (
				FC3223241F5D967E00113193 /* Gallery.swift */,
			);
			path = Controllers;
			sourceTree = "<group>";
		};
		FC32232F1F5DD1AA00113193 /* Handlers */ = {
			isa = PBXGroup;
			children = (
				FC3223261F5DA26D00113193 /* Lense.swift */,
			);
			path = Handlers;
			sourceTree = "<group>";
		};
		FC3223301F5DD1B600113193 /* Views */ = {
			isa = PBXGroup;
			children = (
				FC3223281F5DB5B300113193 /* GalleryItem.swift */,
			);
			path = Views;
			sourceTree = "<group>";
		};
		FCAE2A0D1F5D68180036211B = {
			isa = PBXGroup;
			children = (
				FCAE2A181F5D68190036211B /* Telescope */,
				FCAE2A2D1F5D68190036211B /* TelescopeTests */,
				FCAE2A171F5D68190036211B /* Products */,
				9244D9E670E1DCBC9AD204FC /* Pods */,
				2A10DA1727989DF4E837BD9F /* Frameworks */,
			);
			sourceTree = "<group>";
		};
		FCAE2A171F5D68190036211B /* Products */ = {
			isa = PBXGroup;
			children = (
				FCAE2A161F5D68190036211B /* Telescope.app */,
				FCAE2A2A1F5D68190036211B /* TelescopeTests.xctest */,
			);
			name = Products;
			sourceTree = "<group>";
		};
		FCAE2A181F5D68190036211B /* Telescope */ = {
			isa = PBXGroup;
			children = (
				FC3223301F5DD1B600113193 /* Views */,
				FC32232F1F5DD1AA00113193 /* Handlers */,
				FC32232E1F5DD1A000113193 /* Controllers */,
				FC32232C1F5DC5EF00113193 /* Extensions */,
				FC32231D1F5D748F00113193 /* Models */,
				FCAE2A191F5D68190036211B /* AppDelegate.swift */,
				FCAE2A201F5D68190036211B /* Assets.xcassets */,
				FCAE2A221F5D68190036211B /* LaunchScreen.storyboard */,
				FCAE2A251F5D68190036211B /* Info.plist */,
				FC3223221F5D80F500113193 /* MockedRecords.json */,
			);
			path = Telescope;
			sourceTree = "<group>";
		};
		FCAE2A2D1F5D68190036211B /* TelescopeTests */ = {
			isa = PBXGroup;
			children = (
				FCAE2A301F5D68190036211B /* Info.plist */,
				FCAE2A391F5D6B450036211B /* RecordTests.swift */,
			);
			path = TelescopeTests;
			sourceTree = "<group>";
		};
/* End PBXGroup section */

/* Begin PBXNativeTarget section */
		FCAE2A151F5D68180036211B /* Telescope */ = {
			isa = PBXNativeTarget;
			buildConfigurationList = FCAE2A331F5D68190036211B /* Build configuration list for PBXNativeTarget "Telescope" */;
			buildPhases = (
				27CC674A488CD40FC6FABB95 /* [CP] Check Pods Manifest.lock */,
				FCAE2A121F5D68180036211B /* Sources */,
				FCAE2A131F5D68180036211B /* Frameworks */,
				FCAE2A141F5D68180036211B /* Resources */,
				5523CFEF3ED71539BD8EE56F /* [CP] Embed Pods Frameworks */,
				09004CCCFD89BBD705CB9952 /* [CP] Copy Pods Resources */,
			);
			buildRules = (
			);
			dependencies = (
			);
			name = Telescope;
			productName = Telescope;
			productReference = FCAE2A161F5D68190036211B /* Telescope.app */;
			productType = "com.apple.product-type.application";
		};
		FCAE2A291F5D68190036211B /* TelescopeTests */ = {
			isa = PBXNativeTarget;
			buildConfigurationList = FCAE2A361F5D68190036211B /* Build configuration list for PBXNativeTarget "TelescopeTests" */;
			buildPhases = (
				6AF441E8DD6FE2224735EB83 /* [CP] Check Pods Manifest.lock */,
				FCAE2A261F5D68190036211B /* Sources */,
				FCAE2A271F5D68190036211B /* Frameworks */,
				FCAE2A281F5D68190036211B /* Resources */,
				7DF6196184A2DC86972DA1E6 /* [CP] Embed Pods Frameworks */,
				C9B6F277F1F1E6FDB237C560 /* [CP] Copy Pods Resources */,
			);
			buildRules = (
			);
			dependencies = (
				FCAE2A2C1F5D68190036211B /* PBXTargetDependency */,
			);
			name = TelescopeTests;
			productName = TelescopeTests;
			productReference = FCAE2A2A1F5D68190036211B /* TelescopeTests.xctest */;
			productType = "com.apple.product-type.bundle.unit-test";
		};
/* End PBXNativeTarget section */

/* Begin PBXProject section */
		FCAE2A0E1F5D68180036211B /* Project object */ = {
			isa = PBXProject;
			attributes = {
				LastSwiftUpdateCheck = 0830;
				LastUpgradeCheck = 0900;
				ORGANIZATIONNAME = NickJones;
				TargetAttributes = {
					FCAE2A151F5D68180036211B = {
						CreatedOnToolsVersion = 8.3.3;
						ProvisioningStyle = Automatic;
					};
					FCAE2A291F5D68190036211B = {
						CreatedOnToolsVersion = 8.3.3;
						ProvisioningStyle = Automatic;
						TestTargetID = FCAE2A151F5D68180036211B;
					};
				};
			};
			buildConfigurationList = FCAE2A111F5D68180036211B /* Build configuration list for PBXProject "Telescope" */;
			compatibilityVersion = "Xcode 3.2";
			developmentRegion = English;
			hasScannedForEncodings = 0;
			knownRegions = (
				en,
				Base,
			);
			mainGroup = FCAE2A0D1F5D68180036211B;
			productRefGroup = FCAE2A171F5D68190036211B /* Products */;
			projectDirPath = "";
			projectRoot = "";
			targets = (
				FCAE2A151F5D68180036211B /* Telescope */,
				FCAE2A291F5D68190036211B /* TelescopeTests */,
			);
		};
/* End PBXProject section */

/* Begin PBXResourcesBuildPhase section */
		FCAE2A141F5D68180036211B /* Resources */ = {
			isa = PBXResourcesBuildPhase;
			buildActionMask = 2147483647;
			files = (
				FCAE2A241F5D68190036211B /* LaunchScreen.storyboard in Resources */,
				FCAE2A211F5D68190036211B /* Assets.xcassets in Resources */,
				FC3223231F5D80F500113193 /* MockedRecords.json in Resources */,
			);
			runOnlyForDeploymentPostprocessing = 0;
		};
		FCAE2A281F5D68190036211B /* Resources */ = {
			isa = PBXResourcesBuildPhase;
			buildActionMask = 2147483647;
			files = (
			);
			runOnlyForDeploymentPostprocessing = 0;
		};
/* End PBXResourcesBuildPhase section */

/* Begin PBXShellScriptBuildPhase section */
		09004CCCFD89BBD705CB9952 /* [CP] Copy Pods Resources */ = {
			isa = PBXShellScriptBuildPhase;
			buildActionMask = 2147483647;
			files = (
			);
			inputPaths = (
			);
			name = "[CP] Copy Pods Resources";
			outputPaths = (
			);
			runOnlyForDeploymentPostprocessing = 0;
			shellPath = /bin/sh;
			shellScript = "\"${SRCROOT}/Pods/Target Support Files/Pods-Telescope/Pods-Telescope-resources.sh\"\n";
			showEnvVarsInLog = 0;
		};
		27CC674A488CD40FC6FABB95 /* [CP] Check Pods Manifest.lock */ = {
			isa = PBXShellScriptBuildPhase;
			buildActionMask = 2147483647;
			files = (
			);
			inputPaths = (
			);
			name = "[CP] Check Pods Manifest.lock";
			outputPaths = (
			);
			runOnlyForDeploymentPostprocessing = 0;
			shellPath = /bin/sh;
			shellScript = "diff \"${PODS_PODFILE_DIR_PATH}/Podfile.lock\" \"${PODS_ROOT}/Manifest.lock\" > /dev/null\nif [ $? != 0 ] ; then\n    # print error to STDERR\n    echo \"error: The sandbox is not in sync with the Podfile.lock. Run 'pod install' or update your CocoaPods installation.\" >&2\n    exit 1\nfi\n";
			showEnvVarsInLog = 0;
		};
		5523CFEF3ED71539BD8EE56F /* [CP] Embed Pods Frameworks */ = {
			isa = PBXShellScriptBuildPhase;
			buildActionMask = 2147483647;
			files = (
			);
			inputPaths = (
			);
			name = "[CP] Embed Pods Frameworks";
			outputPaths = (
			);
			runOnlyForDeploymentPostprocessing = 0;
			shellPath = /bin/sh;
			shellScript = "\"${SRCROOT}/Pods/Target Support Files/Pods-Telescope/Pods-Telescope-frameworks.sh\"\n";
			showEnvVarsInLog = 0;
		};
		6AF441E8DD6FE2224735EB83 /* [CP] Check Pods Manifest.lock */ = {
			isa = PBXShellScriptBuildPhase;
			buildActionMask = 2147483647;
			files = (
			);
			inputPaths = (
			);
			name = "[CP] Check Pods Manifest.lock";
			outputPaths = (
			);
			runOnlyForDeploymentPostprocessing = 0;
			shellPath = /bin/sh;
			shellScript = "diff \"${PODS_PODFILE_DIR_PATH}/Podfile.lock\" \"${PODS_ROOT}/Manifest.lock\" > /dev/null\nif [ $? != 0 ] ; then\n    # print error to STDERR\n    echo \"error: The sandbox is not in sync with the Podfile.lock. Run 'pod install' or update your CocoaPods installation.\" >&2\n    exit 1\nfi\n";
			showEnvVarsInLog = 0;
		};
		7DF6196184A2DC86972DA1E6 /* [CP] Embed Pods Frameworks */ = {
			isa = PBXShellScriptBuildPhase;
			buildActionMask = 2147483647;
			files = (
			);
			inputPaths = (
			);
			name = "[CP] Embed Pods Frameworks";
			outputPaths = (
			);
			runOnlyForDeploymentPostprocessing = 0;
			shellPath = /bin/sh;
			shellScript = "\"${SRCROOT}/Pods/Target Support Files/Pods-TelescopeTests/Pods-TelescopeTests-frameworks.sh\"\n";
			showEnvVarsInLog = 0;
		};
		C9B6F277F1F1E6FDB237C560 /* [CP] Copy Pods Resources */ = {
			isa = PBXShellScriptBuildPhase;
			buildActionMask = 2147483647;
			files = (
			);
			inputPaths = (
			);
			name = "[CP] Copy Pods Resources";
			outputPaths = (
			);
			runOnlyForDeploymentPostprocessing = 0;
			shellPath = /bin/sh;
			shellScript = "\"${SRCROOT}/Pods/Target Support Files/Pods-TelescopeTests/Pods-TelescopeTests-resources.sh\"\n";
			showEnvVarsInLog = 0;
		};
/* End PBXShellScriptBuildPhase section */

/* Begin PBXSourcesBuildPhase section */
		FCAE2A121F5D68180036211B /* Sources */ = {
			isa = PBXSourcesBuildPhase;
			buildActionMask = 2147483647;
			files = (
				FC3223291F5DB5B300113193 /* GalleryItem.swift in Sources */,
				FC3223251F5D967E00113193 /* Gallery.swift in Sources */,
				FC3223271F5DA26D00113193 /* Lense.swift in Sources */,
				FC32232B1F5DBCE800113193 /* TransitionText.swift in Sources */,
				FCAE2A1A1F5D68190036211B /* AppDelegate.swift in Sources */,
				FC32231F1F5D749F00113193 /* TelescopeRecord.swift in Sources */,
			);
			runOnlyForDeploymentPostprocessing = 0;
		};
		FCAE2A261F5D68190036211B /* Sources */ = {
			isa = PBXSourcesBuildPhase;
			buildActionMask = 2147483647;
			files = (
				FC3223211F5D7CEF00113193 /* TelescopeRecord.swift in Sources */,
				FCAE2A3A1F5D6B450036211B /* RecordTests.swift in Sources */,
			);
			runOnlyForDeploymentPostprocessing = 0;
		};
/* End PBXSourcesBuildPhase section */

/* Begin PBXTargetDependency section */
		FCAE2A2C1F5D68190036211B /* PBXTargetDependency */ = {
			isa = PBXTargetDependency;
			target = FCAE2A151F5D68180036211B /* Telescope */;
			targetProxy = FCAE2A2B1F5D68190036211B /* PBXContainerItemProxy */;
		};
/* End PBXTargetDependency section */

/* Begin PBXVariantGroup section */
		FCAE2A221F5D68190036211B /* LaunchScreen.storyboard */ = {
			isa = PBXVariantGroup;
			children = (
				FCAE2A231F5D68190036211B /* Base */,
			);
			name = LaunchScreen.storyboard;
			sourceTree = "<group>";
		};
/* End PBXVariantGroup section */

/* Begin XCBuildConfiguration section */
		FCAE2A311F5D68190036211B /* Debug */ = {
			isa = XCBuildConfiguration;
			buildSettings = {
				ALWAYS_SEARCH_USER_PATHS = NO;
				CLANG_ANALYZER_NONNULL = YES;
				CLANG_ANALYZER_NUMBER_OBJECT_CONVERSION = YES_AGGRESSIVE;
				CLANG_CXX_LANGUAGE_STANDARD = "gnu++0x";
				CLANG_CXX_LIBRARY = "libc++";
				CLANG_ENABLE_MODULES = YES;
				CLANG_ENABLE_OBJC_ARC = YES;
				CLANG_WARN_BLOCK_CAPTURE_AUTORELEASING = YES;
				CLANG_WARN_BOOL_CONVERSION = YES;
				CLANG_WARN_COMMA = YES;
				CLANG_WARN_CONSTANT_CONVERSION = YES;
				CLANG_WARN_DIRECT_OBJC_ISA_USAGE = YES_ERROR;
				CLANG_WARN_DOCUMENTATION_COMMENTS = YES;
				CLANG_WARN_EMPTY_BODY = YES;
				CLANG_WARN_ENUM_CONVERSION = YES;
				CLANG_WARN_INFINITE_RECURSION = YES;
				CLANG_WARN_INT_CONVERSION = YES;
				CLANG_WARN_NON_LITERAL_NULL_CONVERSION = YES;
				CLANG_WARN_OBJC_LITERAL_CONVERSION = YES;
				CLANG_WARN_OBJC_ROOT_CLASS = YES_ERROR;
				CLANG_WARN_RANGE_LOOP_ANALYSIS = YES;
				CLANG_WARN_STRICT_PROTOTYPES = YES;
				CLANG_WARN_SUSPICIOUS_MOVE = YES;
				CLANG_WARN_UNREACHABLE_CODE = YES;
				CLANG_WARN__DUPLICATE_METHOD_MATCH = YES;
				"CODE_SIGN_IDENTITY[sdk=iphoneos*]" = "iPhone Developer";
				COPY_PHASE_STRIP = NO;
				DEBUG_INFORMATION_FORMAT = dwarf;
				ENABLE_STRICT_OBJC_MSGSEND = YES;
				ENABLE_TESTABILITY = YES;
				GCC_C_LANGUAGE_STANDARD = gnu99;
				GCC_DYNAMIC_NO_PIC = NO;
				GCC_NO_COMMON_BLOCKS = YES;
				GCC_OPTIMIZATION_LEVEL = 0;
				GCC_PREPROCESSOR_DEFINITIONS = (
					"DEBUG=1",
					"$(inherited)",
				);
				GCC_WARN_64_TO_32_BIT_CONVERSION = YES;
				GCC_WARN_ABOUT_RETURN_TYPE = YES_ERROR;
				GCC_WARN_UNDECLARED_SELECTOR = YES;
				GCC_WARN_UNINITIALIZED_AUTOS = YES_AGGRESSIVE;
				GCC_WARN_UNUSED_FUNCTION = YES;
				GCC_WARN_UNUSED_VARIABLE = YES;
				IPHONEOS_DEPLOYMENT_TARGET = 10.3;
				MTL_ENABLE_DEBUG_INFO = YES;
				ONLY_ACTIVE_ARCH = YES;
				SDKROOT = iphoneos;
				SWIFT_ACTIVE_COMPILATION_CONDITIONS = DEBUG;
				SWIFT_OPTIMIZATION_LEVEL = "-Onone";
			};
			name = Debug;
		};
		FCAE2A321F5D68190036211B /* Release */ = {
			isa = XCBuildConfiguration;
			buildSettings = {
				ALWAYS_SEARCH_USER_PATHS = NO;
				CLANG_ANALYZER_NONNULL = YES;
				CLANG_ANALYZER_NUMBER_OBJECT_CONVERSION = YES_AGGRESSIVE;
				CLANG_CXX_LANGUAGE_STANDARD = "gnu++0x";
				CLANG_CXX_LIBRARY = "libc++";
				CLANG_ENABLE_MODULES = YES;
				CLANG_ENABLE_OBJC_ARC = YES;
				CLANG_WARN_BLOCK_CAPTURE_AUTORELEASING = YES;
				CLANG_WARN_BOOL_CONVERSION = YES;
				CLANG_WARN_COMMA = YES;
				CLANG_WARN_CONSTANT_CONVERSION = YES;
				CLANG_WARN_DIRECT_OBJC_ISA_USAGE = YES_ERROR;
				CLANG_WARN_DOCUMENTATION_COMMENTS = YES;
				CLANG_WARN_EMPTY_BODY = YES;
				CLANG_WARN_ENUM_CONVERSION = YES;
				CLANG_WARN_INFINITE_RECURSION = YES;
				CLANG_WARN_INT_CONVERSION = YES;
				CLANG_WARN_NON_LITERAL_NULL_CONVERSION = YES;
				CLANG_WARN_OBJC_LITERAL_CONVERSION = YES;
				CLANG_WARN_OBJC_ROOT_CLASS = YES_ERROR;
				CLANG_WARN_RANGE_LOOP_ANALYSIS = YES;
				CLANG_WARN_STRICT_PROTOTYPES = YES;
				CLANG_WARN_SUSPICIOUS_MOVE = YES;
				CLANG_WARN_UNREACHABLE_CODE = YES;
				CLANG_WARN__DUPLICATE_METHOD_MATCH = YES;
				"CODE_SIGN_IDENTITY[sdk=iphoneos*]" = "iPhone Developer";
				COPY_PHASE_STRIP = NO;
				DEBUG_INFORMATION_FORMAT = "dwarf-with-dsym";
				ENABLE_NS_ASSERTIONS = NO;
				ENABLE_STRICT_OBJC_MSGSEND = YES;
				GCC_C_LANGUAGE_STANDARD = gnu99;
				GCC_NO_COMMON_BLOCKS = YES;
				GCC_WARN_64_TO_32_BIT_CONVERSION = YES;
				GCC_WARN_ABOUT_RETURN_TYPE = YES_ERROR;
				GCC_WARN_UNDECLARED_SELECTOR = YES;
				GCC_WARN_UNINITIALIZED_AUTOS = YES_AGGRESSIVE;
				GCC_WARN_UNUSED_FUNCTION = YES;
				GCC_WARN_UNUSED_VARIABLE = YES;
				IPHONEOS_DEPLOYMENT_TARGET = 10.3;
				MTL_ENABLE_DEBUG_INFO = NO;
				SDKROOT = iphoneos;
				SWIFT_OPTIMIZATION_LEVEL = "-Owholemodule";
				VALIDATE_PRODUCT = YES;
			};
			name = Release;
		};
		FCAE2A341F5D68190036211B /* Debug */ = {
			isa = XCBuildConfiguration;
			baseConfigurationReference = 9763763FC9860CD075ED35D6 /* Pods-Telescope.debug.xcconfig */;
			buildSettings = {
				ASSETCATALOG_COMPILER_APPICON_NAME = AppIcon;
				DEVELOPMENT_TEAM = "";
				INFOPLIST_FILE = Telescope/Info.plist;
				LD_RUNPATH_SEARCH_PATHS = "$(inherited) @executable_path/Frameworks";
				PRODUCT_BUNDLE_IDENTIFIER = NickJones.Telescope;
				PRODUCT_NAME = "$(TARGET_NAME)";
				SWIFT_VERSION = 3.0;
			};
			name = Debug;
		};
		FCAE2A351F5D68190036211B /* Release */ = {
			isa = XCBuildConfiguration;
			baseConfigurationReference = 23F4AE8DE2ABF9DC2496F55D /* Pods-Telescope.release.xcconfig */;
			buildSettings = {
				ASSETCATALOG_COMPILER_APPICON_NAME = AppIcon;
				DEVELOPMENT_TEAM = "";
				INFOPLIST_FILE = Telescope/Info.plist;
				LD_RUNPATH_SEARCH_PATHS = "$(inherited) @executable_path/Frameworks";
				PRODUCT_BUNDLE_IDENTIFIER = NickJones.Telescope;
				PRODUCT_NAME = "$(TARGET_NAME)";
				SWIFT_VERSION = 3.0;
			};
			name = Release;
		};
		FCAE2A371F5D68190036211B /* Debug */ = {
			isa = XCBuildConfiguration;
			baseConfigurationReference = FA407CFBBA559639BABB9FB2 /* Pods-TelescopeTests.debug.xcconfig */;
			buildSettings = {
				ALWAYS_EMBED_SWIFT_STANDARD_LIBRARIES = YES;
				BUNDLE_LOADER = "$(TEST_HOST)";
				INFOPLIST_FILE = TelescopeTests/Info.plist;
				LD_RUNPATH_SEARCH_PATHS = "$(inherited) @executable_path/Frameworks @loader_path/Frameworks";
				PRODUCT_BUNDLE_IDENTIFIER = NickJones.TelescopeTests;
				PRODUCT_NAME = "$(TARGET_NAME)";
				SWIFT_VERSION = 3.0;
				TEST_HOST = "$(BUILT_PRODUCTS_DIR)/Telescope.app/Telescope";
			};
			name = Debug;
		};
		FCAE2A381F5D68190036211B /* Release */ = {
			isa = XCBuildConfiguration;
			baseConfigurationReference = C73567D753465C4C015197FB /* Pods-TelescopeTests.release.xcconfig */;
			buildSettings = {
				ALWAYS_EMBED_SWIFT_STANDARD_LIBRARIES = YES;
				BUNDLE_LOADER = "$(TEST_HOST)";
				INFOPLIST_FILE = TelescopeTests/Info.plist;
				LD_RUNPATH_SEARCH_PATHS = "$(inherited) @executable_path/Frameworks @loader_path/Frameworks";
				PRODUCT_BUNDLE_IDENTIFIER = NickJones.TelescopeTests;
				PRODUCT_NAME = "$(TARGET_NAME)";
				SWIFT_VERSION = 3.0;
				TEST_HOST = "$(BUILT_PRODUCTS_DIR)/Telescope.app/Telescope";
			};
			name = Release;
		};
/* End XCBuildConfiguration section */

/* Begin XCConfigurationList section */
		FCAE2A111F5D68180036211B /* Build configuration list for PBXProject "Telescope" */ = {
			isa = XCConfigurationList;
			buildConfigurations = (
				FCAE2A311F5D68190036211B /* Debug */,
				FCAE2A321F5D68190036211B /* Release */,
			);
			defaultConfigurationIsVisible = 0;
			defaultConfigurationName = Release;
		};
		FCAE2A331F5D68190036211B /* Build configuration list for PBXNativeTarget "Telescope" */ = {
			isa = XCConfigurationList;
			buildConfigurations = (
				FCAE2A341F5D68190036211B /* Debug */,
				FCAE2A351F5D68190036211B /* Release */,
			);
			defaultConfigurationIsVisible = 0;
			defaultConfigurationName = Release;
		};
		FCAE2A361F5D68190036211B /* Build configuration list for PBXNativeTarget "TelescopeTests" */ = {
			isa = XCConfigurationList;
			buildConfigurations = (
				FCAE2A371F5D68190036211B /* Debug */,
				FCAE2A381F5D68190036211B /* Release */,
			);
			defaultConfigurationIsVisible = 0;
			defaultConfigurationName = Release;
		};
/* End XCConfigurationList section */
	};
	rootObject = FCAE2A0E1F5D68180036211B /* Project object */;
}
